
Microsoft Visual Studio Solution File, Format Version 12.00
# Visual Studio 15
VisualStudioVersion = 15.0.28010.2041
MinimumVisualStudioVersion = 10.0.40219.1
Project("{FAE04EC0-301F-11D3-BF4B-00C04F79EFBC}") = "Reflections_01", "Reflections_01\Reflections_01.csproj", "{811B958F-8CDB-4191-B6B2-52B2C3C8820F}"
EndProject
Project("{FAE04EC0-301F-11D3-BF4B-00C04F79EFBC}") = "Reflections_02_Infinity_cycle_with_destructor", "Reflections_02_Infinity_cycle_with_destructor\Reflections_02_Infinity_cycle_with_destructor.csproj", "{67210907-1AE6-4224-9A31-12895484CF9B}"
EndProject
Project("{FAE04EC0-301F-11D3-BF4B-00C04F79EFBC}") = "TPL_01_Get_Json_Data_from_URL_Async", "TPL_01_Get_Json_Data_from_URL_Async\TPL_01_Get_Json_Data_from_URL_Async.csproj", "{F6AF9E90-76DF-451E-9F76-52A1C29F54F2}"
EndProject
Global
	GlobalSection(SolutionConfigurationPlatforms) = preSolution
		Debug|Any CPU = Debug|Any CPU
		Release|Any CPU = Release|Any CPU
	EndGlobalSection
	GlobalSection(ProjectConfigurationPlatforms) = postSolution
		{811B958F-8CDB-4191-B6B2-52B2C3C8820F}.Debug|Any CPU.ActiveCfg = Debug|Any CPU
		{811B958F-8CDB-4191-B6B2-52B2C3C8820F}.Debug|Any CPU.Build.0 = Debug|Any CPU
		{811B958F-8CDB-4191-B6B2-52B2C3C8820F}.Release|Any CPU.ActiveCfg = Release|Any CPU
		{811B958F-8CDB-4191-B6B2-52B2C3C8820F}.Release|Any CPU.Build.0 = Release|Any CPU
		{67210907-1AE6-4224-9A31-12895484CF9B}.Debug|Any CPU.ActiveCfg = Debug|Any CPU
		{67210907-1AE6-4224-9A31-12895484CF9B}.Debug|Any CPU.Build.0 = Debug|Any CPU
		{67210907-1AE6-4224-9A31-12895484CF9B}.Release|Any CPU.ActiveCfg = Release|Any CPU
		{67210907-1AE6-4224-9A31-12895484CF9B}.Release|Any CPU.Build.0 = Release|Any CPU
		{F6AF9E90-76DF-451E-9F76-52A1C29F54F2}.Debug|Any CPU.ActiveCfg = Debug|Any CPU
		{F6AF9E90-76DF-451E-9F76-52A1C29F54F2}.Debug|Any CPU.Build.0 = Debug|Any CPU
		{F6AF9E90-76DF-451E-9F76-52A1C29F54F2}.Release|Any CPU.ActiveCfg = Release|Any CPU
		{F6AF9E90-76DF-451E-9F76-52A1C29F54F2}.Release|Any CPU.Build.0 = Release|Any CPU
	EndGlobalSection
	GlobalSection(SolutionProperties) = preSolution
		HideSolutionNode = FALSE
	EndGlobalSection
	GlobalSection(ExtensibilityGlobals) = postSolution
		SolutionGuid = {3A8E5DF5-7563-47A4-B459-E236EF044A7C}
	EndGlobalSection
EndGlobal
