
Microsoft Visual Studio Solution File, Format Version 12.00
# Visual Studio 15
VisualStudioVersion = 15.0.28010.2041
MinimumVisualStudioVersion = 10.0.40219.1
Project("{FAE04EC0-301F-11D3-BF4B-00C04F79EFBC}") = "Printing_Written_Code_From_Github_Url", "Printing_Written_Code_From_Github_Url\Printing_Written_Code_From_Github_Url.csproj", "{1982A176-AEC3-4B22-8AC5-7611BA4B161D}"
EndProject
Global
	GlobalSection(SolutionConfigurationPlatforms) = preSolution
		Debug|Any CPU = Debug|Any CPU
		Release|Any CPU = Release|Any CPU
	EndGlobalSection
	GlobalSection(ProjectConfigurationPlatforms) = postSolution
		{1982A176-AEC3-4B22-8AC5-7611BA4B161D}.Debug|Any CPU.ActiveCfg = Debug|Any CPU
		{1982A176-AEC3-4B22-8AC5-7611BA4B161D}.Debug|Any CPU.Build.0 = Debug|Any CPU
		{1982A176-AEC3-4B22-8AC5-7611BA4B161D}.Release|Any CPU.ActiveCfg = Release|Any CPU
		{1982A176-AEC3-4B22-8AC5-7611BA4B161D}.Release|Any CPU.Build.0 = Release|Any CPU
	EndGlobalSection
	GlobalSection(SolutionProperties) = preSolution
		HideSolutionNode = FALSE
	EndGlobalSection
	GlobalSection(ExtensibilityGlobals) = postSolution
		SolutionGuid = {2E8B4A51-7EFA-476F-A662-2D07991A088F}
	EndGlobalSection
EndGlobal
