
Microsoft Visual Studio Solution File, Format Version 12.00
# Visual Studio 15
VisualStudioVersion = 15.0.28010.2041
MinimumVisualStudioVersion = 10.0.40219.1
Project("{FAE04EC0-301F-11D3-BF4B-00C04F79EFBC}") = "Find_Fl.Point_In_Brackets", "Find_Fl.Point_In_Brackets\Find_Fl.Point_In_Brackets.csproj", "{2F90055D-5D8B-43AE-9314-F69EDA62B03A}"
EndProject
Global
	GlobalSection(SolutionConfigurationPlatforms) = preSolution
		Debug|Any CPU = Debug|Any CPU
		Release|Any CPU = Release|Any CPU
	EndGlobalSection
	GlobalSection(ProjectConfigurationPlatforms) = postSolution
		{2F90055D-5D8B-43AE-9314-F69EDA62B03A}.Debug|Any CPU.ActiveCfg = Debug|Any CPU
		{2F90055D-5D8B-43AE-9314-F69EDA62B03A}.Debug|Any CPU.Build.0 = Debug|Any CPU
		{2F90055D-5D8B-43AE-9314-F69EDA62B03A}.Release|Any CPU.ActiveCfg = Release|Any CPU
		{2F90055D-5D8B-43AE-9314-F69EDA62B03A}.Release|Any CPU.Build.0 = Release|Any CPU
	EndGlobalSection
	GlobalSection(SolutionProperties) = preSolution
		HideSolutionNode = FALSE
	EndGlobalSection
	GlobalSection(ExtensibilityGlobals) = postSolution
		SolutionGuid = {836318C3-CF49-4DEC-A800-5953CD16CBE6}
	EndGlobalSection
EndGlobal
